
Microsoft Visual Studio Solution File, Format Version 11.00
# Visual Studio 2010
Project("{FAE04EC0-301F-11D3-BF4B-00C04F79EFBC}") = "PauloMorgado.Linq", "PauloMorgado.Linq\PauloMorgado.Linq.csproj", "{7B96AC23-0FB1-431A-97D5-37EC63C9D152}"
EndProject
Project("{FAE04EC0-301F-11D3-BF4B-00C04F79EFBC}") = "PauloMorgado.Linq.UnitTests", "PauloMorgado.Linq.UnitTests\PauloMorgado.Linq.UnitTests.csproj", "{660FC280-3DB1-493B-B24D-B3E1150A3EB7}"
EndProject
Project("{2150E333-8FDC-42A3-9474-1A3956D46DE8}") = "Solution Items", "Solution Items", "{7F7744E7-8E29-444A-A46D-2877780E3E19}"
	ProjectSection(SolutionItems) = preProject
		LinqSink.vsmdi = LinqSink.vsmdi
		Local.testsettings = Local.testsettings
		TraceAndTestImpact.testsettings = TraceAndTestImpact.testsettings
	EndProjectSection
EndProject
Global
	GlobalSection(TeamFoundationVersionControl) = preSolution
		SccNumberOfProjects = 3
		SccEnterpriseProvider = {4CA58AB2-18FA-4F8D-95D4-32DDF27D184C}
		SccTeamFoundationServer = https://tfs.codeplex.com/tfs/tfs01
		SccProjectUniqueName0 = PauloMorgado.Linq\\PauloMorgado.Linq.csproj
		SccProjectName0 = PauloMorgado.Linq
		SccLocalPath0 = PauloMorgado.Linq
		SccProjectUniqueName1 = PauloMorgado.Linq.UnitTests\\PauloMorgado.Linq.UnitTests.csproj
		SccProjectName1 = PauloMorgado.Linq.UnitTests
		SccLocalPath1 = PauloMorgado.Linq.UnitTests
		SccLocalPath2 = .
	EndGlobalSection
	GlobalSection(TestCaseManagementSettings) = postSolution
		CategoryFile = LinqSink.vsmdi
	EndGlobalSection
	GlobalSection(SolutionConfigurationPlatforms) = preSolution
		Debug|Any CPU = Debug|Any CPU
		Release|Any CPU = Release|Any CPU
	EndGlobalSection
	GlobalSection(ProjectConfigurationPlatforms) = postSolution
		{7B96AC23-0FB1-431A-97D5-37EC63C9D152}.Debug|Any CPU.ActiveCfg = Debug|Any CPU
		{7B96AC23-0FB1-431A-97D5-37EC63C9D152}.Debug|Any CPU.Build.0 = Debug|Any CPU
		{7B96AC23-0FB1-431A-97D5-37EC63C9D152}.Release|Any CPU.ActiveCfg = Release|Any CPU
		{7B96AC23-0FB1-431A-97D5-37EC63C9D152}.Release|Any CPU.Build.0 = Release|Any CPU
		{660FC280-3DB1-493B-B24D-B3E1150A3EB7}.Debug|Any CPU.ActiveCfg = Debug|Any CPU
		{660FC280-3DB1-493B-B24D-B3E1150A3EB7}.Debug|Any CPU.Build.0 = Debug|Any CPU
		{660FC280-3DB1-493B-B24D-B3E1150A3EB7}.Release|Any CPU.ActiveCfg = Release|Any CPU
		{660FC280-3DB1-493B-B24D-B3E1150A3EB7}.Release|Any CPU.Build.0 = Release|Any CPU
	EndGlobalSection
	GlobalSection(SolutionProperties) = preSolution
		HideSolutionNode = FALSE
	EndGlobalSection
EndGlobal
